
Microsoft Visual Studio Solution File, Format Version 12.00
# Visual Studio Version 17
VisualStudioVersion = 17.13.35931.197 d17.13
MinimumVisualStudioVersion = 10.0.40219.1
Project("{FAE04EC0-301F-11D3-BF4B-00C04F79EFBC}") = "Master", "Master\Master.csproj", "{F876980B-E497-4758-AD66-F54A287CA823}"
EndProject
Global
	GlobalSection(SolutionConfigurationPlatforms) = preSolution
		Debug|Any CPU = Debug|Any CPU
		Release|Any CPU = Release|Any CPU
	EndGlobalSection
	GlobalSection(ProjectConfigurationPlatforms) = postSolution
		{F876980B-E497-4758-AD66-F54A287CA823}.Debug|Any CPU.ActiveCfg = Debug|Any CPU
		{F876980B-E497-4758-AD66-F54A287CA823}.Debug|Any CPU.Build.0 = Debug|Any CPU
		{F876980B-E497-4758-AD66-F54A287CA823}.Release|Any CPU.ActiveCfg = Release|Any CPU
		{F876980B-E497-4758-AD66-F54A287CA823}.Release|Any CPU.Build.0 = Release|Any CPU
	EndGlobalSection
	GlobalSection(SolutionProperties) = preSolution
		HideSolutionNode = FALSE
	EndGlobalSection
	GlobalSection(ExtensibilityGlobals) = postSolution
		SolutionGuid = {372EE594-1621-4350-A539-2BD06D2690EC}
	EndGlobalSection
EndGlobal
